
Microsoft Visual Studio Solution File, Format Version 12.00
# Visual Studio Version 17
VisualStudioVersion = 17.3.32811.315
MinimumVisualStudioVersion = 10.0.40219.1
Project("{FAE04EC0-301F-11D3-BF4B-00C04F79EFBC}") = "MooseSounds", "MooseSounds.csproj", "{140B4BAA-8963-4A2F-8576-793040AAFE56}"
EndProject
Global
	GlobalSection(SolutionConfigurationPlatforms) = preSolution
		Debug|Any CPU = Debug|Any CPU
		Release|Any CPU = Release|Any CPU
	EndGlobalSection
	GlobalSection(ProjectConfigurationPlatforms) = postSolution
		{140B4BAA-8963-4A2F-8576-793040AAFE56}.Debug|Any CPU.ActiveCfg = Debug|Any CPU
		{140B4BAA-8963-4A2F-8576-793040AAFE56}.Debug|Any CPU.Build.0 = Debug|Any CPU
		{140B4BAA-8963-4A2F-8576-793040AAFE56}.Release|Any CPU.ActiveCfg = Release|Any CPU
		{140B4BAA-8963-4A2F-8576-793040AAFE56}.Release|Any CPU.Build.0 = Release|Any CPU
	EndGlobalSection
	GlobalSection(SolutionProperties) = preSolution
		HideSolutionNode = FALSE
	EndGlobalSection
	GlobalSection(ExtensibilityGlobals) = postSolution
		SolutionGuid = {9070ED52-865C-47E9-B4CD-5C59327B0BD7}
	EndGlobalSection
EndGlobal
